
Microsoft Visual Studio Solution File, Format Version 12.00
# Visual Studio Version 16
VisualStudioVersion = 16.0.32106.194
MinimumVisualStudioVersion = 10.0.40219.1
Project("{FAE04EC0-301F-11D3-BF4B-00C04F79EFBC}") = "ProgrammingExerciseBackend", "ProgrammingExerciseBackend\ProgrammingExerciseBackend.csproj", "{2D8CF4DA-5A5B-49F3-BCF3-D3082AB94C40}"
EndProject
Global
	GlobalSection(SolutionConfigurationPlatforms) = preSolution
		Debug|Any CPU = Debug|Any CPU
		Release|Any CPU = Release|Any CPU
	EndGlobalSection
	GlobalSection(ProjectConfigurationPlatforms) = postSolution
		{2D8CF4DA-5A5B-49F3-BCF3-D3082AB94C40}.Debug|Any CPU.ActiveCfg = Debug|Any CPU
		{2D8CF4DA-5A5B-49F3-BCF3-D3082AB94C40}.Debug|Any CPU.Build.0 = Debug|Any CPU
		{2D8CF4DA-5A5B-49F3-BCF3-D3082AB94C40}.Release|Any CPU.ActiveCfg = Release|Any CPU
		{2D8CF4DA-5A5B-49F3-BCF3-D3082AB94C40}.Release|Any CPU.Build.0 = Release|Any CPU
	EndGlobalSection
	GlobalSection(SolutionProperties) = preSolution
		HideSolutionNode = FALSE
	EndGlobalSection
	GlobalSection(ExtensibilityGlobals) = postSolution
		SolutionGuid = {2C51EF8B-ACF8-41DB-8CDB-C01BD0DE34AD}
	EndGlobalSection
EndGlobal
